{
    "_readme": [
        "This file locks the dependencies of your project to a known state",
        "Read more about it at https://getcomposer.org/doc/01-basic-usage.md#installing-dependencies",
        "This file is @generated automatically"
    ],
    "content-hash": "99c49b69a097f15ebf72125d09218c36",
    "packages": [
        {
            "name": "layershifter/tld-database",
            "version": "1.0.67",
            "source": {
                "type": "git",
                "url": "https://github.com/layershifter/TLDDatabase.git",
                "reference": "df901dd81106030e7f89da830641d870d68e2282"
            },
            "dist": {
                "type": "zip",
                "url": "https://api.github.com/repos/layershifter/TLDDatabase/zipball/df901dd81106030e7f89da830641d870d68e2282",
                "reference": "df901dd81106030e7f89da830641d870d68e2282",
                "shasum": ""
            },
            "require": {
                "ext-curl": "*",
                "layershifter/tld-support": "^1.0.0",
                "php": "^5.5.0 || ^7.0"
            },
            "require-dev": {
                "codeclimate/php-test-reporter": "dev-master",
                "mikey179/vfsstream": "^1.6",
                "phpmd/phpmd": "@stable",
                "phpunit/phpunit": "^4.8 || ^5.0",
                "squizlabs/php_codesniffer": "~2.0"
            },
            "type": "library",
            "autoload": {
                "psr-4": {
                    "LayerShifter\\TLDDatabase\\": "src/"
                }
            },
            "notification-url": "https://packagist.org/downloads/",
            "license": [
                "Apache-2.0"
            ],
            "authors": [
                {
                    "name": "Alexander Fedyashov",
                    "email": "a@fedyashov.com"
                }
            ],
            "description": "Database abstraction for Public Suffix List",
            "keywords": [
                "PSL",
                "Public Suffix List",
                "domain database",
                "tld database"
            ],
            "time": "2019-03-29T15:38:50+00:00"
        },
        {
            "name": "layershifter/tld-extract",
            "version": "2.0.1",
            "source": {
                "type": "git",
                "url": "https://github.com/layershifter/TLDExtract.git",
                "reference": "b49cb89a4ed59a9474a47589054e56ce57787348"
            },
            "dist": {
                "type": "zip",
                "url": "https://api.github.com/repos/layershifter/TLDExtract/zipball/b49cb89a4ed59a9474a47589054e56ce57787348",
                "reference": "b49cb89a4ed59a9474a47589054e56ce57787348",
                "shasum": ""
            },
            "require": {
                "layershifter/tld-database": "^1.0",
                "layershifter/tld-support": "^1.1",
                "php": "^5.5.0 || ^7.0",
                "symfony/polyfill-intl-idn": "^1.10"
            },
            "require-dev": {
                "phpmd/phpmd": "@stable",
                "phpunit/phpunit": "^4.8 || ^5.0",
                "squizlabs/php_codesniffer": "~2.0"
            },
            "type": "library",
            "autoload": {
                "files": [
                    "src/static.php"
                ],
                "psr-4": {
                    "LayerShifter\\TLDExtract\\": "src/"
                }
            },
            "notification-url": "https://packagist.org/downloads/",
            "license": [
                "Apache-2.0"
            ],
            "authors": [
                {
                    "name": "Alexander Fedyashov",
                    "email": "a@fedyashov.com"
                }
            ],
            "description": "TLDExtract, library for extracting parts of domain, e.q. domain parser",
            "keywords": [
                "TLDExtract",
                "domain parser"
            ],
            "time": "2019-02-11T14:37:05+00:00"
        },
        {
            "name": "layershifter/tld-support",
            "version": "1.1.1",
            "source": {
                "type": "git",
                "url": "https://github.com/layershifter/TLDSupport.git",
                "reference": "9b9eb2350db82239289f4e6eb250a2fe4865b0db"
            },
            "dist": {
                "type": "zip",
                "url": "https://api.github.com/repos/layershifter/TLDSupport/zipball/9b9eb2350db82239289f4e6eb250a2fe4865b0db",
                "reference": "9b9eb2350db82239289f4e6eb250a2fe4865b0db",
                "shasum": ""
            },
            "require": {
                "php": ">=5.5",
                "symfony/polyfill-mbstring": "^1.2"
            },
            "require-dev": {
                "codeclimate/php-test-reporter": "dev-master",
                "phpmd/phpmd": "@stable",
                "phpunit/phpunit": "4.8.*",
                "squizlabs/php_codesniffer": "2.*"
            },
            "type": "library",
            "autoload": {
                "psr-4": {
                    "LayerShifter\\TLDSupport\\": "src/"
                }
            },
            "notification-url": "https://packagist.org/downloads/",
            "license": [
                "Apache-2.0"
            ],
            "authors": [
                {
                    "name": "Alexander Fedyashov",
                    "email": "a@fedyashov.com"
                }
            ],
            "description": "Support package for TLDDatabase and TLDExtract",
            "time": "2016-06-18T12:28:04+00:00"
        },
        {
            "name": "symfony/polyfill-intl-idn",
            "version": "v1.11.0",
            "source": {
                "type": "git",
                "url": "https://github.com/symfony/polyfill-intl-idn.git",
                "reference": "c766e95bec706cdd89903b1eda8afab7d7a6b7af"
            },
            "dist": {
                "type": "zip",
                "url": "https://api.github.com/repos/symfony/polyfill-intl-idn/zipball/c766e95bec706cdd89903b1eda8afab7d7a6b7af",
                "reference": "c766e95bec706cdd89903b1eda8afab7d7a6b7af",
                "shasum": ""
            },
            "require": {
                "php": ">=5.3.3",
                "symfony/polyfill-mbstring": "^1.3",
                "symfony/polyfill-php72": "^1.9"
            },
            "suggest": {
                "ext-intl": "For best performance"
            },
            "type": "library",
            "extra": {
                "branch-alias": {
                    "dev-master": "1.9-dev"
                }
            },
            "autoload": {
                "psr-4": {
                    "Symfony\\Polyfill\\Intl\\Idn\\": ""
                },
                "files": [
                    "bootstrap.php"
                ]
            },
            "notification-url": "https://packagist.org/downloads/",
            "license": [
                "MIT"
            ],
            "authors": [
                {
                    "name": "Symfony Community",
                    "homepage": "https://symfony.com/contributors"
                },
                {
                    "name": "Laurent Bassin",
                    "email": "laurent@bassin.info"
                }
            ],
            "description": "Symfony polyfill for intl's idn_to_ascii and idn_to_utf8 functions",
            "homepage": "https://symfony.com",
            "keywords": [
                "compatibility",
                "idn",
                "intl",
                "polyfill",
                "portable",
                "shim"
            ],
            "time": "2019-03-04T13:44:35+00:00"
        },
        {
            "name": "symfony/polyfill-mbstring",
            "version": "v1.11.0",
            "source": {
                "type": "git",
                "url": "https://github.com/symfony/polyfill-mbstring.git",
                "reference": "fe5e94c604826c35a32fa832f35bd036b6799609"
            },
            "dist": {
                "type": "zip",
                "url": "https://api.github.com/repos/symfony/polyfill-mbstring/zipball/fe5e94c604826c35a32fa832f35bd036b6799609",
                "reference": "fe5e94c604826c35a32fa832f35bd036b6799609",
                "shasum": ""
            },
            "require": {
                "php": ">=5.3.3"
            },
            "suggest": {
                "ext-mbstring": "For best performance"
            },
            "type": "library",
            "extra": {
                "branch-alias": {
                    "dev-master": "1.11-dev"
                }
            },
            "autoload": {
                "psr-4": {
                    "Symfony\\Polyfill\\Mbstring\\": ""
                },
                "files": [
                    "bootstrap.php"
                ]
            },
            "notification-url": "https://packagist.org/downloads/",
            "license": [
                "MIT"
            ],
            "authors": [
                {
                    "name": "Nicolas Grekas",
                    "email": "p@tchwork.com"
                },
                {
                    "name": "Symfony Community",
                    "homepage": "https://symfony.com/contributors"
                }
            ],
            "description": "Symfony polyfill for the Mbstring extension",
            "homepage": "https://symfony.com",
            "keywords": [
                "compatibility",
                "mbstring",
                "polyfill",
                "portable",
                "shim"
            ],
            "time": "2019-02-06T07:57:58+00:00"
        },
        {
            "name": "symfony/polyfill-php72",
            "version": "v1.11.0",
            "source": {
                "type": "git",
                "url": "https://github.com/symfony/polyfill-php72.git",
                "reference": "ab50dcf166d5f577978419edd37aa2bb8eabce0c"
            },
            "dist": {
                "type": "zip",
                "url": "https://api.github.com/repos/symfony/polyfill-php72/zipball/ab50dcf166d5f577978419edd37aa2bb8eabce0c",
                "reference": "ab50dcf166d5f577978419edd37aa2bb8eabce0c",
                "shasum": ""
            },
            "require": {
                "php": ">=5.3.3"
            },
            "type": "library",
            "extra": {
                "branch-alias": {
                    "dev-master": "1.11-dev"
                }
            },
            "autoload": {
                "psr-4": {
                    "Symfony\\Polyfill\\Php72\\": ""
                },
                "files": [
                    "bootstrap.php"
                ]
            },
            "notification-url": "https://packagist.org/downloads/",
            "license": [
                "MIT"
            ],
            "authors": [
                {
                    "name": "Nicolas Grekas",
                    "email": "p@tchwork.com"
                },
                {
                    "name": "Symfony Community",
                    "homepage": "https://symfony.com/contributors"
                }
            ],
            "description": "Symfony polyfill backporting some PHP 7.2+ features to lower PHP versions",
            "homepage": "https://symfony.com",
            "keywords": [
                "compatibility",
                "polyfill",
                "portable",
                "shim"
            ],
            "time": "2019-02-06T07:57:58+00:00"
        }
    ],
    "packages-dev": [],
    "aliases": [],
    "minimum-stability": "stable",
    "stability-flags": [],
    "prefer-stable": false,
    "prefer-lowest": false,
    "platform": [],
    "platform-dev": []
}
